
Microsoft Visual Studio Solution File, Format Version 12.00
# Visual Studio Version 16
VisualStudioVersion = 16.0.31410.357
MinimumVisualStudioVersion = 10.0.40219.1
Project("{FAE04EC0-301F-11D3-BF4B-00C04F79EFBC}") = "Library-Application", "Library-Application.csproj", "{A7062062-2BBB-4E3A-89AC-2126C6D70DE8}"
EndProject
Global
	GlobalSection(SolutionConfigurationPlatforms) = preSolution
		Debug|Any CPU = Debug|Any CPU
		Release|Any CPU = Release|Any CPU
	EndGlobalSection
	GlobalSection(ProjectConfigurationPlatforms) = postSolution
		{A7062062-2BBB-4E3A-89AC-2126C6D70DE8}.Debug|Any CPU.ActiveCfg = Debug|Any CPU
		{A7062062-2BBB-4E3A-89AC-2126C6D70DE8}.Debug|Any CPU.Build.0 = Debug|Any CPU
		{A7062062-2BBB-4E3A-89AC-2126C6D70DE8}.Release|Any CPU.ActiveCfg = Release|Any CPU
		{A7062062-2BBB-4E3A-89AC-2126C6D70DE8}.Release|Any CPU.Build.0 = Release|Any CPU
	EndGlobalSection
	GlobalSection(SolutionProperties) = preSolution
		HideSolutionNode = FALSE
	EndGlobalSection
	GlobalSection(ExtensibilityGlobals) = postSolution
		SolutionGuid = {D522923C-CDEC-46B5-A232-DD57D129F322}
	EndGlobalSection
EndGlobal
